
Microsoft Visual Studio Solution File, Format Version 12.00
# Visual Studio Version 17
VisualStudioVersion = 17.7.34221.43
MinimumVisualStudioVersion = 10.0.40219.1
Project("{FAE04EC0-301F-11D3-BF4B-00C04F79EFBC}") = "ProsperDaily", "ProsperDaily\ProsperDaily.csproj", "{DF32AEC9-301A-45DB-B8B0-4A524652E84C}"
EndProject
Global
	GlobalSection(SolutionConfigurationPlatforms) = preSolution
		Debug|Any CPU = Debug|Any CPU
		Release|Any CPU = Release|Any CPU
	EndGlobalSection
	GlobalSection(ProjectConfigurationPlatforms) = postSolution
		{DF32AEC9-301A-45DB-B8B0-4A524652E84C}.Debug|Any CPU.ActiveCfg = Debug|Any CPU
		{DF32AEC9-301A-45DB-B8B0-4A524652E84C}.Debug|Any CPU.Build.0 = Debug|Any CPU
		{DF32AEC9-301A-45DB-B8B0-4A524652E84C}.Debug|Any CPU.Deploy.0 = Debug|Any CPU
		{DF32AEC9-301A-45DB-B8B0-4A524652E84C}.Release|Any CPU.ActiveCfg = Release|Any CPU
		{DF32AEC9-301A-45DB-B8B0-4A524652E84C}.Release|Any CPU.Build.0 = Release|Any CPU
		{DF32AEC9-301A-45DB-B8B0-4A524652E84C}.Release|Any CPU.Deploy.0 = Release|Any CPU
	EndGlobalSection
	GlobalSection(SolutionProperties) = preSolution
		HideSolutionNode = FALSE
	EndGlobalSection
	GlobalSection(ExtensibilityGlobals) = postSolution
		SolutionGuid = {41113891-55D5-4FA2-B17C-E72B4A24529C}
	EndGlobalSection
EndGlobal
